
Microsoft Visual Studio Solution File, Format Version 12.00
# Visual Studio Version 16
VisualStudioVersion = 16.0.30907.101
MinimumVisualStudioVersion = 10.0.40219.1
Project("{FAE04EC0-301F-11D3-BF4B-00C04F79EFBC}") = "console_app", "console_app\console_app.csproj", "{3B8E7923-5F3E-49B3-8ABE-47DB11177107}"
EndProject
Global
	GlobalSection(SolutionConfigurationPlatforms) = preSolution
		Debug|Any CPU = Debug|Any CPU
		Release|Any CPU = Release|Any CPU
	EndGlobalSection
	GlobalSection(ProjectConfigurationPlatforms) = postSolution
		{3B8E7923-5F3E-49B3-8ABE-47DB11177107}.Debug|Any CPU.ActiveCfg = Debug|Any CPU
		{3B8E7923-5F3E-49B3-8ABE-47DB11177107}.Debug|Any CPU.Build.0 = Debug|Any CPU
		{3B8E7923-5F3E-49B3-8ABE-47DB11177107}.Release|Any CPU.ActiveCfg = Release|Any CPU
		{3B8E7923-5F3E-49B3-8ABE-47DB11177107}.Release|Any CPU.Build.0 = Release|Any CPU
	EndGlobalSection
	GlobalSection(SolutionProperties) = preSolution
		HideSolutionNode = FALSE
	EndGlobalSection
	GlobalSection(ExtensibilityGlobals) = postSolution
		SolutionGuid = {A63D58C3-E3F6-441C-9FD1-7F54ACA668E5}
	EndGlobalSection
EndGlobal
